
Microsoft Visual Studio Solution File, Format Version 12.00
# Visual Studio 15
VisualStudioVersion = 15.0.28307.106
MinimumVisualStudioVersion = 10.0.40219.1
Project("{FAE04EC0-301F-11D3-BF4B-00C04F79EFBC}") = "Factorial", "Factorial\Factorial.csproj", "{E8825846-8B79-43F6-9112-5286219E02BB}"
EndProject
Global
	GlobalSection(SolutionConfigurationPlatforms) = preSolution
		Debug|Any CPU = Debug|Any CPU
		Release|Any CPU = Release|Any CPU
	EndGlobalSection
	GlobalSection(ProjectConfigurationPlatforms) = postSolution
		{E8825846-8B79-43F6-9112-5286219E02BB}.Debug|Any CPU.ActiveCfg = Debug|Any CPU
		{E8825846-8B79-43F6-9112-5286219E02BB}.Debug|Any CPU.Build.0 = Debug|Any CPU
		{E8825846-8B79-43F6-9112-5286219E02BB}.Release|Any CPU.ActiveCfg = Release|Any CPU
		{E8825846-8B79-43F6-9112-5286219E02BB}.Release|Any CPU.Build.0 = Release|Any CPU
	EndGlobalSection
	GlobalSection(SolutionProperties) = preSolution
		HideSolutionNode = FALSE
	EndGlobalSection
	GlobalSection(ExtensibilityGlobals) = postSolution
		SolutionGuid = {EC234967-41BB-415B-B333-74154F0585EE}
	EndGlobalSection
EndGlobal
